
Microsoft Visual Studio Solution File, Format Version 12.00
# Visual Studio Version 17
VisualStudioVersion = 17.3.32922.545
MinimumVisualStudioVersion = 10.0.40219.1
Project("{9A19103F-16F7-4668-BE54-9A1E7A4F7556}") = "SandboxSamples", "SandboxSamples\SandboxSamples.csproj", "{456E5305-0AC5-407B-A831-96C70709C50D}"
EndProject
Project("{9A19103F-16F7-4668-BE54-9A1E7A4F7556}") = "ObjectCopyExample", "BenchmarkExample\ObjectCopyExample.csproj", "{2E248AB2-FFAD-459F-9BBA-5334EB699E65}"
EndProject
Project("{2150E333-8FDC-42A3-9474-1A3956D46DE8}") = "Solution Items", "Solution Items", "{BAEBD182-23E3-4334-8CF8-A603FBB06252}"
	ProjectSection(SolutionItems) = preProject
		.editorconfig = .editorconfig
		README.md = README.md
	EndProjectSection
EndProject
Project("{9A19103F-16F7-4668-BE54-9A1E7A4F7556}") = "SandboxSamples.Common", "SandboxSamples.Common\SandboxSamples.Common.csproj", "{58750BB0-E512-4A95-A91B-09142CCFCFCB}"
EndProject
Project("{9A19103F-16F7-4668-BE54-9A1E7A4F7556}") = "SandboxSamples.TimeSeriesCorrelation", "SandboxSamples.TimeSeriesCorrelation\SandboxSamples.TimeSeriesCorrelation.csproj", "{DA06B5E6-0732-48AE-88EE-1F5FBA578383}"
EndProject
Project("{9A19103F-16F7-4668-BE54-9A1E7A4F7556}") = "SanboxSamples.Optimisation", "SanboxSamples.Optimisation\SanboxSamples.Optimisation.csproj", "{C9058B7C-B536-4293-9BD6-7B655972B459}"
EndProject
Project("{9A19103F-16F7-4668-BE54-9A1E7A4F7556}") = "SandboxSamples.Extraction", "SandboxSamples.Extraction\SandboxSamples.Extraction.csproj", "{328DF359-B4AF-4A0F-B326-6B96AEB4A4B4}"
EndProject
Project("{9A19103F-16F7-4668-BE54-9A1E7A4F7556}") = "SandboxSamples.Extraction.IntegrationTests", "SandboxSamples.Extraction.IntegrationTests\SandboxSamples.Extraction.IntegrationTests.csproj", "{1633607C-8064-4121-B2F2-7439445B2E0E}"
EndProject
Project("{FAE04EC0-301F-11D3-BF4B-00C04F79EFBC}") = "SandboxSamples.TimeSeriesCorrelation.UnitTests", "SandboxSamples.TimeSeriesCorrelation.UnitTests\SandboxSamples.TimeSeriesCorrelation.UnitTests.csproj", "{402DEFD3-44C0-4433-B9F3-01ABF3DA463C}"
EndProject
Global
	GlobalSection(SolutionConfigurationPlatforms) = preSolution
		Debug|Any CPU = Debug|Any CPU
		Release|Any CPU = Release|Any CPU
	EndGlobalSection
	GlobalSection(ProjectConfigurationPlatforms) = postSolution
		{456E5305-0AC5-407B-A831-96C70709C50D}.Debug|Any CPU.ActiveCfg = Debug|Any CPU
		{456E5305-0AC5-407B-A831-96C70709C50D}.Debug|Any CPU.Build.0 = Debug|Any CPU
		{456E5305-0AC5-407B-A831-96C70709C50D}.Release|Any CPU.ActiveCfg = Release|Any CPU
		{456E5305-0AC5-407B-A831-96C70709C50D}.Release|Any CPU.Build.0 = Release|Any CPU
		{2E248AB2-FFAD-459F-9BBA-5334EB699E65}.Debug|Any CPU.ActiveCfg = Debug|Any CPU
		{2E248AB2-FFAD-459F-9BBA-5334EB699E65}.Debug|Any CPU.Build.0 = Debug|Any CPU
		{2E248AB2-FFAD-459F-9BBA-5334EB699E65}.Release|Any CPU.ActiveCfg = Release|Any CPU
		{2E248AB2-FFAD-459F-9BBA-5334EB699E65}.Release|Any CPU.Build.0 = Release|Any CPU
		{58750BB0-E512-4A95-A91B-09142CCFCFCB}.Debug|Any CPU.ActiveCfg = Debug|Any CPU
		{58750BB0-E512-4A95-A91B-09142CCFCFCB}.Debug|Any CPU.Build.0 = Debug|Any CPU
		{58750BB0-E512-4A95-A91B-09142CCFCFCB}.Release|Any CPU.ActiveCfg = Release|Any CPU
		{58750BB0-E512-4A95-A91B-09142CCFCFCB}.Release|Any CPU.Build.0 = Release|Any CPU
		{DA06B5E6-0732-48AE-88EE-1F5FBA578383}.Debug|Any CPU.ActiveCfg = Debug|Any CPU
		{DA06B5E6-0732-48AE-88EE-1F5FBA578383}.Debug|Any CPU.Build.0 = Debug|Any CPU
		{DA06B5E6-0732-48AE-88EE-1F5FBA578383}.Release|Any CPU.ActiveCfg = Release|Any CPU
		{DA06B5E6-0732-48AE-88EE-1F5FBA578383}.Release|Any CPU.Build.0 = Release|Any CPU
		{C9058B7C-B536-4293-9BD6-7B655972B459}.Debug|Any CPU.ActiveCfg = Debug|Any CPU
		{C9058B7C-B536-4293-9BD6-7B655972B459}.Debug|Any CPU.Build.0 = Debug|Any CPU
		{C9058B7C-B536-4293-9BD6-7B655972B459}.Release|Any CPU.ActiveCfg = Release|Any CPU
		{C9058B7C-B536-4293-9BD6-7B655972B459}.Release|Any CPU.Build.0 = Release|Any CPU
		{328DF359-B4AF-4A0F-B326-6B96AEB4A4B4}.Debug|Any CPU.ActiveCfg = Debug|Any CPU
		{328DF359-B4AF-4A0F-B326-6B96AEB4A4B4}.Debug|Any CPU.Build.0 = Debug|Any CPU
		{328DF359-B4AF-4A0F-B326-6B96AEB4A4B4}.Release|Any CPU.ActiveCfg = Release|Any CPU
		{328DF359-B4AF-4A0F-B326-6B96AEB4A4B4}.Release|Any CPU.Build.0 = Release|Any CPU
		{1633607C-8064-4121-B2F2-7439445B2E0E}.Debug|Any CPU.ActiveCfg = Debug|Any CPU
		{1633607C-8064-4121-B2F2-7439445B2E0E}.Debug|Any CPU.Build.0 = Debug|Any CPU
		{1633607C-8064-4121-B2F2-7439445B2E0E}.Release|Any CPU.ActiveCfg = Release|Any CPU
		{1633607C-8064-4121-B2F2-7439445B2E0E}.Release|Any CPU.Build.0 = Release|Any CPU
		{402DEFD3-44C0-4433-B9F3-01ABF3DA463C}.Debug|Any CPU.ActiveCfg = Debug|Any CPU
		{402DEFD3-44C0-4433-B9F3-01ABF3DA463C}.Debug|Any CPU.Build.0 = Debug|Any CPU
		{402DEFD3-44C0-4433-B9F3-01ABF3DA463C}.Release|Any CPU.ActiveCfg = Release|Any CPU
		{402DEFD3-44C0-4433-B9F3-01ABF3DA463C}.Release|Any CPU.Build.0 = Release|Any CPU
	EndGlobalSection
	GlobalSection(SolutionProperties) = preSolution
		HideSolutionNode = FALSE
	EndGlobalSection
	GlobalSection(ExtensibilityGlobals) = postSolution
		SolutionGuid = {F4100C48-ED3E-44AF-9227-48EFB066982F}
	EndGlobalSection
EndGlobal
